// !$*UTF8*$!
{
	archiveVersion = 1;
	classes = {
	};
	objectVersion = 50;
	objects = {

/* Begin PBXBuildFile section */
		4CA4C38D243C54E8007964C2 /* AppDelegate.swift in Sources */ = {isa = PBXBuildFile; fileRef = 4CA4C38C243C54E8007964C2 /* AppDelegate.swift */; };
		4CA4C38F243C54E8007964C2 /* SceneDelegate.swift in Sources */ = {isa = PBXBuildFile; fileRef = 4CA4C38E243C54E8007964C2 /* SceneDelegate.swift */; };
		4CA4C391243C54E8007964C2 /* ViewController.swift in Sources */ = {isa = PBXBuildFile; fileRef = 4CA4C390243C54E8007964C2 /* ViewController.swift */; };
		4CA4C394243C54E8007964C2 /* Main.storyboard in Resources */ = {isa = PBXBuildFile; fileRef = 4CA4C392243C54E8007964C2 /* Main.storyboard */; };
		4CA4C396243C54EC007964C2 /* Assets.xcassets in Resources */ = {isa = PBXBuildFile; fileRef = 4CA4C395243C54EC007964C2 /* Assets.xcassets */; };
		4CA4C399243C54EC007964C2 /* LaunchScreen.storyboard in Resources */ = {isa = PBXBuildFile; fileRef = 4CA4C397243C54EC007964C2 /* LaunchScreen.storyboard */; };
		4CA4C3A1243C56AF007964C2 /* SecondViewController.swift in Sources */ = {isa = PBXBuildFile; fileRef = 4CA4C3A0243C56AF007964C2 /* SecondViewController.swift */; };
		4CA4C3A3243C5AAA007964C2 /* MySingleton.swift in Sources */ = {isa = PBXBuildFile; fileRef = 4CA4C3A2243C5AAA007964C2 /* MySingleton.swift */; };
/* End PBXBuildFile section */

/* Begin PBXFileReference section */
		4CA4C389243C54E7007964C2 /* SingletonTester.app */ = {isa = PBXFileReference; explicitFileType = wrapper.application; includeInIndex = 0; path = SingletonTester.app; sourceTree = BUILT_PRODUCTS_DIR; };
		4CA4C38C243C54E8007964C2 /* AppDelegate.swift */ = {isa = PBXFileReference; lastKnownFileType = sourcecode.swift; path = AppDelegate.swift; sourceTree = "<group>"; };
		4CA4C38E243C54E8007964C2 /* SceneDelegate.swift */ = {isa = PBXFileReference; lastKnownFileType = sourcecode.swift; path = SceneDelegate.swift; sourceTree = "<group>"; };
		4CA4C390243C54E8007964C2 /* ViewController.swift */ = {isa = PBXFileReference; lastKnownFileType = sourcecode.swift; path = ViewController.swift; sourceTree = "<group>"; };
		4CA4C393243C54E8007964C2 /* Base */ = {isa = PBXFileReference; lastKnownFileType = file.storyboard; name = Base; path = Base.lproj/Main.storyboard; sourceTree = "<group>"; };
		4CA4C395243C54EC007964C2 /* Assets.xcassets */ = {isa = PBXFileReference; lastKnownFileType = folder.assetcatalog; path = Assets.xcassets; sourceTree = "<group>"; };
		4CA4C398243C54EC007964C2 /* Base */ = {isa = PBXFileReference; lastKnownFileType = file.storyboard; name = Base; path = Base.lproj/LaunchScreen.storyboard; sourceTree = "<group>"; };
		4CA4C39A243C54EC007964C2 /* Info.plist */ = {isa = PBXFileReference; lastKnownFileType = text.plist.xml; path = Info.plist; sourceTree = "<group>"; };
		4CA4C3A0243C56AF007964C2 /* SecondViewController.swift */ = {isa = PBXFileReference; lastKnownFileType = sourcecode.swift; path = SecondViewController.swift; sourceTree = "<group>"; };
		4CA4C3A2243C5AAA007964C2 /* MySingleton.swift */ = {isa = PBXFileReference; lastKnownFileType = sourcecode.swift; path = MySingleton.swift; sourceTree = "<group>"; };
/* End PBXFileReference section */

/* Begin PBXFrameworksBuildPhase section */
		4CA4C386243C54E7007964C2 /* Frameworks */ = {
			isa = PBXFrameworksBuildPhase;
			buildActionMask = 2147483647;
			files = (
			);
			runOnlyForDeploymentPostprocessing = 0;
		};
/* End PBXFrameworksBuildPhase section */

/* Begin PBXGroup section */
		4CA4C380243C54E7007964C2 = {
			isa = PBXGroup;
			children = (
				4CA4C38B243C54E7007964C2 /* SingletonTester */,
				4CA4C38A243C54E7007964C2 /* Products */,
			);
			sourceTree = "<group>";
		};
		4CA4C38A243C54E7007964C2 /* Products */ = {
			isa = PBXGroup;
			children = (
				4CA4C389243C54E7007964C2 /* SingletonTester.app */,
			);
			name = Products;
			sourceTree = "<group>";
		};
		4CA4C38B243C54E7007964C2 /* SingletonTester */ = {
			isa = PBXGroup;
			children = (
				4CA4C38C243C54E8007964C2 /* AppDelegate.swift */,
				4CA4C38E243C54E8007964C2 /* SceneDelegate.swift */,
				4CA4C390243C54E8007964C2 /* ViewController.swift */,
				4CA4C392243C54E8007964C2 /* Main.storyboard */,
				4CA4C3A0243C56AF007964C2 /* SecondViewController.swift */,
				4CA4C3A2243C5AAA007964C2 /* MySingleton.swift */,
				4CA4C395243C54EC007964C2 /* Assets.xcassets */,
				4CA4C397243C54EC007964C2 /* LaunchScreen.storyboard */,
				4CA4C39A243C54EC007964C2 /* Info.plist */,
			);
			path = SingletonTester;
			sourceTree = "<group>";
		};
/* End PBXGroup section */

/* Begin PBXNativeTarget section */
		4CA4C388243C54E7007964C2 /* SingletonTester */ = {
			isa = PBXNativeTarget;
			buildConfigurationList = 4CA4C39D243C54EC007964C2 /* Build configuration list for PBXNativeTarget "SingletonTester" */;
			buildPhases = (
				4CA4C385243C54E7007964C2 /* Sources */,
				4CA4C386243C54E7007964C2 /* Frameworks */,
				4CA4C387243C54E7007964C2 /* Resources */,
			);
			buildRules = (
			);
			dependencies = (
			);
			name = SingletonTester;
			productName = SingletonTester;
			productReference = 4CA4C389243C54E7007964C2 /* SingletonTester.app */;
			productType = "com.apple.product-type.application";
		};
/* End PBXNativeTarget section */

/* Begin PBXProject section */
		4CA4C381243C54E7007964C2 /* Project object */ = {
			isa = PBXProject;
			attributes = {
				LastSwiftUpdateCheck = 1140;
				LastUpgradeCheck = 1140;
				ORGANIZATIONNAME = "Silly Goose Software";
				TargetAttributes = {
					4CA4C388243C54E7007964C2 = {
						CreatedOnToolsVersion = 11.4;
					};
				};
			};
			buildConfigurationList = 4CA4C384243C54E7007964C2 /* Build configuration list for PBXProject "SingletonTester" */;
			compatibilityVersion = "Xcode 9.3";
			developmentRegion = en;
			hasScannedForEncodings = 0;
			knownRegions = (
				en,
				Base,
			);
			mainGroup = 4CA4C380243C54E7007964C2;
			productRefGroup = 4CA4C38A243C54E7007964C2 /* Products */;
			projectDirPath = "";
			projectRoot = "";
			targets = (
				4CA4C388243C54E7007964C2 /* SingletonTester */,
			);
		};
/* End PBXProject section */

/* Begin PBXResourcesBuildPhase section */
		4CA4C387243C54E7007964C2 /* Resources */ = {
			isa = PBXResourcesBuildPhase;
			buildActionMask = 2147483647;
			files = (
				4CA4C399243C54EC007964C2 /* LaunchScreen.storyboard in Resources */,
				4CA4C396243C54EC007964C2 /* Assets.xcassets in Resources */,
				4CA4C394243C54E8007964C2 /* Main.storyboard in Resources */,
			);
			runOnlyForDeploymentPostprocessing = 0;
		};
/* End PBXResourcesBuildPhase section */

/* Begin PBXSourcesBuildPhase section */
		4CA4C385243C54E7007964C2 /* Sources */ = {
			isa = PBXSourcesBuildPhase;
			buildActionMask = 2147483647;
			files = (
				4CA4C3A1243C56AF007964C2 /* SecondViewController.swift in Sources */,
				4CA4C391243C54E8007964C2 /* ViewController.swift in Sources */,
				4CA4C38D243C54E8007964C2 /* AppDelegate.swift in Sources */,
				4CA4C3A3243C5AAA007964C2 /* MySingleton.swift in Sources */,
				4CA4C38F243C54E8007964C2 /* SceneDelegate.swift in Sources */,
			);
			runOnlyForDeploymentPostprocessing = 0;
		};
/* End PBXSourcesBuildPhase section */

/* Begin PBXVariantGroup section */
		4CA4C392243C54E8007964C2 /* Main.storyboard */ = {
			isa = PBXVariantGroup;
			children = (
				4CA4C393243C54E8007964C2 /* Base */,
			);
			name = Main.storyboard;
			sourceTree = "<group>";
		};
		4CA4C397243C54EC007964C2 /* LaunchScreen.storyboard */ = {
			isa = PBXVariantGroup;
			children = (
				4CA4C398243C54EC007964C2 /* Base */,
			);
			name = LaunchScreen.storyboard;
			sourceTree = "<group>";
		};
/* End PBXVariantGroup section */

/* Begin XCBuildConfiguration section */
		4CA4C39B243C54EC007964C2 /* Debug */ = {
			isa = XCBuildConfiguration;
			buildSettings = {
				ALWAYS_SEARCH_USER_PATHS = NO;
				CLANG_ANALYZER_NONNULL = YES;
				CLANG_ANALYZER_NUMBER_OBJECT_CONVERSION = YES_AGGRESSIVE;
				CLANG_CXX_LANGUAGE_STANDARD = "gnu++14";
				CLANG_CXX_LIBRARY = "libc++";
				CLANG_ENABLE_MODULES = YES;
				CLANG_ENABLE_OBJC_ARC = YES;
				CLANG_ENABLE_OBJC_WEAK = YES;
				CLANG_WARN_BLOCK_CAPTURE_AUTORELEASING = YES;
				CLANG_WARN_BOOL_CONVERSION = YES;
				CLANG_WARN_COMMA = YES;
				CLANG_WARN_CONSTANT_CONVERSION = YES;
				CLANG_WARN_DEPRECATED_OBJC_IMPLEMENTATIONS = YES;
				CLANG_WARN_DIRECT_OBJC_ISA_USAGE = YES_ERROR;
				CLANG_WARN_DOCUMENTATION_COMMENTS = YES;
				CLANG_WARN_EMPTY_BODY = YES;
				CLANG_WARN_ENUM_CONVERSION = YES;
				CLANG_WARN_INFINITE_RECURSION = YES;
				CLANG_WARN_INT_CONVERSION = YES;
				CLANG_WARN_NON_LITERAL_NULL_CONVERSION = YES;
				CLANG_WARN_OBJC_IMPLICIT_RETAIN_SELF = YES;
				CLANG_WARN_OBJC_LITERAL_CONVERSION = YES;
				CLANG_WARN_OBJC_ROOT_CLASS = YES_ERROR;
				CLANG_WARN_RANGE_LOOP_ANALYSIS = YES;
				CLANG_WARN_STRICT_PROTOTYPES = YES;
				CLANG_WARN_SUSPICIOUS_MOVE = YES;
				CLANG_WARN_UNGUARDED_AVAILABILITY = YES_AGGRESSIVE;
				CLANG_WARN_UNREACHABLE_CODE = YES;
				CLANG_WARN__DUPLICATE_METHOD_MATCH = YES;
				COPY_PHASE_STRIP = NO;
				DEBUG_INFORMATION_FORMAT = dwarf;
				ENABLE_STRICT_OBJC_MSGSEND = YES;
				ENABLE_TESTABILITY = YES;
				GCC_C_LANGUAGE_STANDARD = gnu11;
				GCC_DYNAMIC_NO_PIC = NO;
				GCC_NO_COMMON_BLOCKS = YES;
				GCC_OPTIMIZATION_LEVEL = 0;
				GCC_PREPROCESSOR_DEFINITIONS = (
					"DEBUG=1",
					"$(inherited)",
				);
				GCC_WARN_64_TO_32_BIT_CONVERSION = YES;
				GCC_WARN_ABOUT_RETURN_TYPE = YES_ERROR;
				GCC_WARN_UNDECLARED_SELECTOR = YES;
				GCC_WARN_UNINITIALIZED_AUTOS = YES_AGGRESSIVE;
				GCC_WARN_UNUSED_FUNCTION = YES;
				GCC_WARN_UNUSED_VARIABLE = YES;
				IPHONEOS_DEPLOYMENT_TARGET = 13.0;
				MTL_ENABLE_DEBUG_INFO = INCLUDE_SOURCE;
				MTL_FAST_MATH = YES;
				ONLY_ACTIVE_ARCH = YES;
				SDKROOT = iphoneos;
				SWIFT_ACTIVE_COMPILATION_CONDITIONS = DEBUG;
				SWIFT_OPTIMIZATION_LEVEL = "-Onone";
			};
			name = Debug;
		};
		4CA4C39C243C54EC007964C2 /* Release */ = {
			isa = XCBuildConfiguration;
			buildSettings = {
				ALWAYS_SEARCH_USER_PATHS = NO;
				CLANG_ANALYZER_NONNULL = YES;
				CLANG_ANALYZER_NUMBER_OBJECT_CONVERSION = YES_AGGRESSIVE;
				CLANG_CXX_LANGUAGE_STANDARD = "gnu++14";
				CLANG_CXX_LIBRARY = "libc++";
				CLANG_ENABLE_MODULES = YES;
				CLANG_ENABLE_OBJC_ARC = YES;
				CLANG_ENABLE_OBJC_WEAK = YES;
				CLANG_WARN_BLOCK_CAPTURE_AUTORELEASING = YES;
				CLANG_WARN_BOOL_CONVERSION = YES;
				CLANG_WARN_COMMA = YES;
				CLANG_WARN_CONSTANT_CONVERSION = YES;
				CLANG_WARN_DEPRECATED_OBJC_IMPLEMENTATIONS = YES;
				CLANG_WARN_DIRECT_OBJC_ISA_USAGE = YES_ERROR;
				CLANG_WARN_DOCUMENTATION_COMMENTS = YES;
				CLANG_WARN_EMPTY_BODY = YES;
				CLANG_WARN_ENUM_CONVERSION = YES;
				CLANG_WARN_INFINITE_RECURSION = YES;
				CLANG_WARN_INT_CONVERSION = YES;
				CLANG_WARN_NON_LITERAL_NULL_CONVERSION = YES;
				CLANG_WARN_OBJC_IMPLICIT_RETAIN_SELF = YES;
				CLANG_WARN_OBJC_LITERAL_CONVERSION = YES;
				CLANG_WARN_OBJC_ROOT_CLASS = YES_ERROR;
				CLANG_WARN_RANGE_LOOP_ANALYSIS = YES;
				CLANG_WARN_STRICT_PROTOTYPES = YES;
				CLANG_WARN_SUSPICIOUS_MOVE = YES;
				CLANG_WARN_UNGUARDED_AVAILABILITY = YES_AGGRESSIVE;
				CLANG_WARN_UNREACHABLE_CODE = YES;
				CLANG_WARN__DUPLICATE_METHOD_MATCH = YES;
				COPY_PHASE_STRIP = NO;
				DEBUG_INFORMATION_FORMAT = "dwarf-with-dsym";
				ENABLE_NS_ASSERTIONS = NO;
				ENABLE_STRICT_OBJC_MSGSEND = YES;
				GCC_C_LANGUAGE_STANDARD = gnu11;
				GCC_NO_COMMON_BLOCKS = YES;
				GCC_WARN_64_TO_32_BIT_CONVERSION = YES;
				GCC_WARN_ABOUT_RETURN_TYPE = YES_ERROR;
				GCC_WARN_UNDECLARED_SELECTOR = YES;
				GCC_WARN_UNINITIALIZED_AUTOS = YES_AGGRESSIVE;
				GCC_WARN_UNUSED_FUNCTION = YES;
				GCC_WARN_UNUSED_VARIABLE = YES;
				IPHONEOS_DEPLOYMENT_TARGET = 13.0;
				MTL_ENABLE_DEBUG_INFO = NO;
				MTL_FAST_MATH = YES;
				SDKROOT = iphoneos;
				SWIFT_COMPILATION_MODE = wholemodule;
				SWIFT_OPTIMIZATION_LEVEL = "-O";
				VALIDATE_PRODUCT = YES;
			};
			name = Release;
		};
		4CA4C39E243C54EC007964C2 /* Debug */ = {
			isa = XCBuildConfiguration;
			buildSettings = {
				ASSETCATALOG_COMPILER_APPICON_NAME = AppIcon;
				CODE_SIGN_STYLE = Automatic;
				DEVELOPMENT_TEAM = 94CGDG3WJ4;
				INFOPLIST_FILE = SingletonTester/Info.plist;
				IPHONEOS_DEPLOYMENT_TARGET = 13.0;
				LD_RUNPATH_SEARCH_PATHS = (
					"$(inherited)",
					"@executable_path/Frameworks",
				);
				PRODUCT_BUNDLE_IDENTIFIER = com.sillygoose.SingletonTester;
				PRODUCT_NAME = "$(TARGET_NAME)";
				SWIFT_VERSION = 5.0;
				TARGETED_DEVICE_FAMILY = "1,2";
			};
			name = Debug;
		};
		4CA4C39F243C54EC007964C2 /* Release */ = {
			isa = XCBuildConfiguration;
			buildSettings = {
				ASSETCATALOG_COMPILER_APPICON_NAME = AppIcon;
				CODE_SIGN_STYLE = Automatic;
				DEVELOPMENT_TEAM = 94CGDG3WJ4;
				INFOPLIST_FILE = SingletonTester/Info.plist;
				IPHONEOS_DEPLOYMENT_TARGET = 13.0;
				LD_RUNPATH_SEARCH_PATHS = (
					"$(inherited)",
					"@executable_path/Frameworks",
				);
				PRODUCT_BUNDLE_IDENTIFIER = com.sillygoose.SingletonTester;
				PRODUCT_NAME = "$(TARGET_NAME)";
				SWIFT_VERSION = 5.0;
				TARGETED_DEVICE_FAMILY = "1,2";
			};
			name = Release;
		};
/* End XCBuildConfiguration section */

/* Begin XCConfigurationList section */
		4CA4C384243C54E7007964C2 /* Build configuration list for PBXProject "SingletonTester" */ = {
			isa = XCConfigurationList;
			buildConfigurations = (
				4CA4C39B243C54EC007964C2 /* Debug */,
				4CA4C39C243C54EC007964C2 /* Release */,
			);
			defaultConfigurationIsVisible = 0;
			defaultConfigurationName = Release;
		};
		4CA4C39D243C54EC007964C2 /* Build configuration list for PBXNativeTarget "SingletonTester" */ = {
			isa = XCConfigurationList;
			buildConfigurations = (
				4CA4C39E243C54EC007964C2 /* Debug */,
				4CA4C39F243C54EC007964C2 /* Release */,
			);
			defaultConfigurationIsVisible = 0;
			defaultConfigurationName = Release;
		};
/* End XCConfigurationList section */
	};
	rootObject = 4CA4C381243C54E7007964C2 /* Project object */;
}
